
Microsoft Visual Studio Solution File, Format Version 12.00
# Visual Studio 15
Project("{FAE04EC0-301F-11D3-BF4B-00C04F79EFBC}") = "ChangeNotification", "ChangeNotification\ChangeNotification.csproj", "{4D60158B-6656-49A4-8384-DC293163FA4C}"
EndProject
Global
	GlobalSection(SolutionConfigurationPlatforms) = preSolution
		Debug|Any CPU = Debug|Any CPU
		Release|Any CPU = Release|Any CPU
	EndGlobalSection
	GlobalSection(ProjectConfigurationPlatforms) = postSolution
		{4D60158B-6656-49A4-8384-DC293163FA4C}.Debug|Any CPU.ActiveCfg = Debug|Any CPU
		{4D60158B-6656-49A4-8384-DC293163FA4C}.Debug|Any CPU.Build.0 = Debug|Any CPU
		{4D60158B-6656-49A4-8384-DC293163FA4C}.Release|Any CPU.ActiveCfg = Release|Any CPU
		{4D60158B-6656-49A4-8384-DC293163FA4C}.Release|Any CPU.Build.0 = Release|Any CPU
	EndGlobalSection
EndGlobal
